
Microsoft Visual Studio Solution File, Format Version 12.00
# Visual Studio Version 16
VisualStudioVersion = 16.0.29209.62
MinimumVisualStudioVersion = 10.0.40219.1
Project("{8BC9CEB8-8B4A-11D0-8D11-00A0C91BC942}") = "GoogleHash", "GoogleHash\GoogleHash.vcxproj", "{B617F756-D0F5-4677-A27E-10250B638EA9}"
EndProject
Global
	GlobalSection(SolutionConfigurationPlatforms) = preSolution
		Debug|x64 = Debug|x64
		Debug|x86 = Debug|x86
		Release|x64 = Release|x64
		Release|x86 = Release|x86
	EndGlobalSection
	GlobalSection(ProjectConfigurationPlatforms) = postSolution
		{B617F756-D0F5-4677-A27E-10250B638EA9}.Debug|x64.ActiveCfg = Debug|x64
		{B617F756-D0F5-4677-A27E-10250B638EA9}.Debug|x64.Build.0 = Debug|x64
		{B617F756-D0F5-4677-A27E-10250B638EA9}.Debug|x86.ActiveCfg = Debug|Win32
		{B617F756-D0F5-4677-A27E-10250B638EA9}.Debug|x86.Build.0 = Debug|Win32
		{B617F756-D0F5-4677-A27E-10250B638EA9}.Release|x64.ActiveCfg = Release|x64
		{B617F756-D0F5-4677-A27E-10250B638EA9}.Release|x64.Build.0 = Release|x64
		{B617F756-D0F5-4677-A27E-10250B638EA9}.Release|x86.ActiveCfg = Release|Win32
		{B617F756-D0F5-4677-A27E-10250B638EA9}.Release|x86.Build.0 = Release|Win32
	EndGlobalSection
	GlobalSection(SolutionProperties) = preSolution
		HideSolutionNode = FALSE
	EndGlobalSection
	GlobalSection(ExtensibilityGlobals) = postSolution
		SolutionGuid = {01283A1A-42AF-4B7D-A3C9-8D265ABFAD19}
	EndGlobalSection
EndGlobal
